Microsoft Visual Studio Solution File, Format Version 12.00
# Visual Studio 15
VisualStudioVersion = 15.0.26403.0
MinimumVisualStudioVersion = 10.0.40219.1
Project("{FAE04EC0-301F-11D3-BF4B-00C04F79EFBC}") = "IoTLock.IoT", "IoTLock.IoT\IoTLock.IoT.csproj", "{153F9638-718D-456A-AA76-9B9F2B0F5139}"
EndProject
Project("{2150E333-8FDC-42A3-9474-1A3956D46DE8}") = "Xamarin", "Xamarin", "{BC1BD4FD-657E-44AF-9CDD-5E5103C67DC4}"
EndProject
Project("{FAE04EC0-301F-11D3-BF4B-00C04F79EFBC}") = "IoTLock.Mobile.Android", "IoTLock.Mobile\IoTLock.Mobile.Android\IoTLock.Mobile.Android.csproj", "{D58E5065-28B2-41B8-9CA1-7D7714D1C83F}"
EndProject
Project("{FAE04EC0-301F-11D3-BF4B-00C04F79EFBC}") = "IoTLock.Mobile", "IoTLock.Mobile\IoTLock.Mobile\IoTLock.Mobile.csproj", "{F57452CB-43F3-40C8-810C-B4DCD1C4A988}"
EndProject
Project("{FAE04EC0-301F-11D3-BF4B-00C04F79EFBC}") = "IoTLock.Mobile.UWP", "IoTLock.Mobile\IoTLock.Mobile.UWP\IoTLock.Mobile.UWP.csproj", "{AF809965-B0A2-4F1D-A2EB-CA08F59D5E80}"
EndProject
Project("{FAE04EC0-301F-11D3-BF4B-00C04F79EFBC}") = "IoTLock.Mobile.iOS", "IoTLock.Mobile\IoTLock.Mobile.iOS\IoTLock.Mobile.iOS.csproj", "{E7958748-760E-4C90-9DAC-66D7CC5ACD76}"
EndProject
Global
	GlobalSection(SolutionConfigurationPlatforms) = preSolution
		Ad-Hoc|Any CPU = Ad-Hoc|Any CPU
		Ad-Hoc|ARM = Ad-Hoc|ARM
		Ad-Hoc|iPhone = Ad-Hoc|iPhone
		Ad-Hoc|iPhoneSimulator = Ad-Hoc|iPhoneSimulator
		Ad-Hoc|x64 = Ad-Hoc|x64
		Ad-Hoc|x86 = Ad-Hoc|x86
		AppStore|Any CPU = AppStore|Any CPU
		AppStore|ARM = AppStore|ARM
		AppStore|iPhone = AppStore|iPhone
		AppStore|iPhoneSimulator = AppStore|iPhoneSimulator
		AppStore|x64 = AppStore|x64
		AppStore|x86 = AppStore|x86
Project("{FAE04EC0-301F-11D3-BF4B-00C04F79EFBC}") = "IotLock.API", "IotLock.API\IotLock.API.csproj", "{9247E902-172F-4DB3-BD43-D556FB8AA31B}"
EndProject
Global
	GlobalSection(SolutionConfigurationPlatforms) = preSolution
		Debug|Any CPU = Debug|Any CPU
		Debug|ARM = Debug|ARM
		Debug|iPhone = Debug|iPhone
		Debug|iPhoneSimulator = Debug|iPhoneSimulator
		Debug|x64 = Debug|x64
		Debug|x86 = Debug|x86
		Release|Any CPU = Release|Any CPU
		Release|ARM = Release|ARM
		Release|iPhone = Release|iPhone
		Release|iPhoneSimulator = Release|iPhoneSimulator
		Release|x64 = Release|x64
		Release|x86 = Release|x86
	EndGlobalSection
	GlobalSection(ProjectConfigurationPlatforms) = postSolution
		{153F9638-718D-456A-AA76-9B9F2B0F5139}.Ad-Hoc|Any CPU.ActiveCfg = Release|x86
		{153F9638-718D-456A-AA76-9B9F2B0F5139}.Ad-Hoc|Any CPU.Build.0 = Release|x86
		{153F9638-718D-456A-AA76-9B9F2B0F5139}.Ad-Hoc|Any CPU.Deploy.0 = Release|x86
		{153F9638-718D-456A-AA76-9B9F2B0F5139}.Ad-Hoc|ARM.ActiveCfg = Release|ARM
		{153F9638-718D-456A-AA76-9B9F2B0F5139}.Ad-Hoc|ARM.Build.0 = Release|ARM
		{153F9638-718D-456A-AA76-9B9F2B0F5139}.Ad-Hoc|ARM.Deploy.0 = Release|ARM
		{153F9638-718D-456A-AA76-9B9F2B0F5139}.Ad-Hoc|iPhone.ActiveCfg = Release|x86
		{153F9638-718D-456A-AA76-9B9F2B0F5139}.Ad-Hoc|iPhone.Build.0 = Release|x86
		{153F9638-718D-456A-AA76-9B9F2B0F5139}.Ad-Hoc|iPhone.Deploy.0 = Release|x86
		{153F9638-718D-456A-AA76-9B9F2B0F5139}.Ad-Hoc|iPhoneSimulator.ActiveCfg = Release|x86
		{153F9638-718D-456A-AA76-9B9F2B0F5139}.Ad-Hoc|iPhoneSimulator.Build.0 = Release|x86
		{153F9638-718D-456A-AA76-9B9F2B0F5139}.Ad-Hoc|iPhoneSimulator.Deploy.0 = Release|x86
		{153F9638-718D-456A-AA76-9B9F2B0F5139}.Ad-Hoc|x64.ActiveCfg = Release|x64
		{153F9638-718D-456A-AA76-9B9F2B0F5139}.Ad-Hoc|x64.Build.0 = Release|x64
		{153F9638-718D-456A-AA76-9B9F2B0F5139}.Ad-Hoc|x64.Deploy.0 = Release|x64
		{153F9638-718D-456A-AA76-9B9F2B0F5139}.Ad-Hoc|x86.ActiveCfg = Release|x86
		{153F9638-718D-456A-AA76-9B9F2B0F5139}.Ad-Hoc|x86.Build.0 = Release|x86
		{153F9638-718D-456A-AA76-9B9F2B0F5139}.Ad-Hoc|x86.Deploy.0 = Release|x86
		{153F9638-718D-456A-AA76-9B9F2B0F5139}.AppStore|Any CPU.ActiveCfg = Release|x86
		{153F9638-718D-456A-AA76-9B9F2B0F5139}.AppStore|Any CPU.Build.0 = Release|x86
		{153F9638-718D-456A-AA76-9B9F2B0F5139}.AppStore|Any CPU.Deploy.0 = Release|x86
		{153F9638-718D-456A-AA76-9B9F2B0F5139}.AppStore|ARM.ActiveCfg = Release|ARM
		{153F9638-718D-456A-AA76-9B9F2B0F5139}.AppStore|ARM.Build.0 = Release|ARM
		{153F9638-718D-456A-AA76-9B9F2B0F5139}.AppStore|ARM.Deploy.0 = Release|ARM
		{153F9638-718D-456A-AA76-9B9F2B0F5139}.AppStore|iPhone.ActiveCfg = Release|x86
		{153F9638-718D-456A-AA76-9B9F2B0F5139}.AppStore|iPhone.Build.0 = Release|x86
		{153F9638-718D-456A-AA76-9B9F2B0F5139}.AppStore|iPhone.Deploy.0 = Release|x86
		{153F9638-718D-456A-AA76-9B9F2B0F5139}.AppStore|iPhoneSimulator.ActiveCfg = Release|x86
		{153F9638-718D-456A-AA76-9B9F2B0F5139}.AppStore|iPhoneSimulator.Build.0 = Release|x86
		{153F9638-718D-456A-AA76-9B9F2B0F5139}.AppStore|iPhoneSimulator.Deploy.0 = Release|x86
		{153F9638-718D-456A-AA76-9B9F2B0F5139}.AppStore|x64.ActiveCfg = Release|x64
		{153F9638-718D-456A-AA76-9B9F2B0F5139}.AppStore|x64.Build.0 = Release|x64
		{153F9638-718D-456A-AA76-9B9F2B0F5139}.AppStore|x64.Deploy.0 = Release|x64
		{153F9638-718D-456A-AA76-9B9F2B0F5139}.AppStore|x86.ActiveCfg = Release|x86
		{153F9638-718D-456A-AA76-9B9F2B0F5139}.AppStore|x86.Build.0 = Release|x86
		{153F9638-718D-456A-AA76-9B9F2B0F5139}.AppStore|x86.Deploy.0 = Release|x86
		{153F9638-718D-456A-AA76-9B9F2B0F5139}.Debug|Any CPU.ActiveCfg = Debug|x86
		{153F9638-718D-456A-AA76-9B9F2B0F5139}.Debug|Any CPU.ActiveCfg = Debug|ARM
		{153F9638-718D-456A-AA76-9B9F2B0F5139}.Debug|Any CPU.Build.0 = Debug|ARM
		{153F9638-718D-456A-AA76-9B9F2B0F5139}.Debug|Any CPU.Deploy.0 = Debug|ARM
		{153F9638-718D-456A-AA76-9B9F2B0F5139}.Debug|ARM.ActiveCfg = Debug|ARM
		{153F9638-718D-456A-AA76-9B9F2B0F5139}.Debug|ARM.Build.0 = Debug|ARM
		{153F9638-718D-456A-AA76-9B9F2B0F5139}.Debug|ARM.Deploy.0 = Debug|ARM
		{153F9638-718D-456A-AA76-9B9F2B0F5139}.Debug|iPhone.ActiveCfg = Debug|x86
		{153F9638-718D-456A-AA76-9B9F2B0F5139}.Debug|iPhoneSimulator.ActiveCfg = Debug|x86
		{153F9638-718D-456A-AA76-9B9F2B0F5139}.Debug|x64.ActiveCfg = Debug|x64
		{153F9638-718D-456A-AA76-9B9F2B0F5139}.Debug|x64.Build.0 = Debug|x64
		{153F9638-718D-456A-AA76-9B9F2B0F5139}.Debug|x64.Deploy.0 = Debug|x64
		{153F9638-718D-456A-AA76-9B9F2B0F5139}.Debug|x86.ActiveCfg = Debug|x86
		{153F9638-718D-456A-AA76-9B9F2B0F5139}.Debug|x86.Build.0 = Debug|x86
		{153F9638-718D-456A-AA76-9B9F2B0F5139}.Debug|x86.Deploy.0 = Debug|x86
		{153F9638-718D-456A-AA76-9B9F2B0F5139}.Release|Any CPU.ActiveCfg = Release|x86
		{153F9638-718D-456A-AA76-9B9F2B0F5139}.Release|ARM.ActiveCfg = Release|ARM
		{153F9638-718D-456A-AA76-9B9F2B0F5139}.Release|ARM.Build.0 = Release|ARM
		{153F9638-718D-456A-AA76-9B9F2B0F5139}.Release|ARM.Deploy.0 = Release|ARM
		{153F9638-718D-456A-AA76-9B9F2B0F5139}.Release|iPhone.ActiveCfg = Release|x86
		{153F9638-718D-456A-AA76-9B9F2B0F5139}.Release|iPhoneSimulator.ActiveCfg = Release|x86
		{153F9638-718D-456A-AA76-9B9F2B0F5139}.Release|x64.ActiveCfg = Release|x64
		{153F9638-718D-456A-AA76-9B9F2B0F5139}.Release|x64.Build.0 = Release|x64
		{153F9638-718D-456A-AA76-9B9F2B0F5139}.Release|x64.Deploy.0 = Release|x64
		{153F9638-718D-456A-AA76-9B9F2B0F5139}.Release|x86.ActiveCfg = Release|x86
		{153F9638-718D-456A-AA76-9B9F2B0F5139}.Release|x86.Build.0 = Release|x86
		{153F9638-718D-456A-AA76-9B9F2B0F5139}.Release|x86.Deploy.0 = Release|x86
		{D58E5065-28B2-41B8-9CA1-7D7714D1C83F}.Ad-Hoc|Any CPU.ActiveCfg = Release|Any CPU
		{D58E5065-28B2-41B8-9CA1-7D7714D1C83F}.Ad-Hoc|Any CPU.Build.0 = Release|Any CPU
		{D58E5065-28B2-41B8-9CA1-7D7714D1C83F}.Ad-Hoc|Any CPU.Deploy.0 = Release|Any CPU
		{D58E5065-28B2-41B8-9CA1-7D7714D1C83F}.Ad-Hoc|ARM.ActiveCfg = Release|Any CPU
		{D58E5065-28B2-41B8-9CA1-7D7714D1C83F}.Ad-Hoc|ARM.Build.0 = Release|Any CPU
		{D58E5065-28B2-41B8-9CA1-7D7714D1C83F}.Ad-Hoc|ARM.Deploy.0 = Release|Any CPU
		{D58E5065-28B2-41B8-9CA1-7D7714D1C83F}.Ad-Hoc|iPhone.ActiveCfg = Release|Any CPU
		{D58E5065-28B2-41B8-9CA1-7D7714D1C83F}.Ad-Hoc|iPhone.Build.0 = Release|Any CPU
		{D58E5065-28B2-41B8-9CA1-7D7714D1C83F}.Ad-Hoc|iPhone.Deploy.0 = Release|Any CPU
		{D58E5065-28B2-41B8-9CA1-7D7714D1C83F}.Ad-Hoc|iPhoneSimulator.ActiveCfg = Release|Any CPU
		{D58E5065-28B2-41B8-9CA1-7D7714D1C83F}.Ad-Hoc|iPhoneSimulator.Build.0 = Release|Any CPU
		{D58E5065-28B2-41B8-9CA1-7D7714D1C83F}.Ad-Hoc|iPhoneSimulator.Deploy.0 = Release|Any CPU
		{D58E5065-28B2-41B8-9CA1-7D7714D1C83F}.Ad-Hoc|x64.ActiveCfg = Release|Any CPU
		{D58E5065-28B2-41B8-9CA1-7D7714D1C83F}.Ad-Hoc|x64.Build.0 = Release|Any CPU
		{D58E5065-28B2-41B8-9CA1-7D7714D1C83F}.Ad-Hoc|x64.Deploy.0 = Release|Any CPU
		{D58E5065-28B2-41B8-9CA1-7D7714D1C83F}.Ad-Hoc|x86.ActiveCfg = Release|Any CPU
		{D58E5065-28B2-41B8-9CA1-7D7714D1C83F}.Ad-Hoc|x86.Build.0 = Release|Any CPU
		{D58E5065-28B2-41B8-9CA1-7D7714D1C83F}.Ad-Hoc|x86.Deploy.0 = Release|Any CPU
		{D58E5065-28B2-41B8-9CA1-7D7714D1C83F}.AppStore|Any CPU.ActiveCfg = Release|Any CPU
		{D58E5065-28B2-41B8-9CA1-7D7714D1C83F}.AppStore|Any CPU.Build.0 = Release|Any CPU
		{D58E5065-28B2-41B8-9CA1-7D7714D1C83F}.AppStore|Any CPU.Deploy.0 = Release|Any CPU
		{D58E5065-28B2-41B8-9CA1-7D7714D1C83F}.AppStore|ARM.ActiveCfg = Release|Any CPU
		{D58E5065-28B2-41B8-9CA1-7D7714D1C83F}.AppStore|ARM.Build.0 = Release|Any CPU
		{D58E5065-28B2-41B8-9CA1-7D7714D1C83F}.AppStore|ARM.Deploy.0 = Release|Any CPU
		{D58E5065-28B2-41B8-9CA1-7D7714D1C83F}.AppStore|iPhone.ActiveCfg = Release|Any CPU
		{D58E5065-28B2-41B8-9CA1-7D7714D1C83F}.AppStore|iPhone.Build.0 = Release|Any CPU
		{D58E5065-28B2-41B8-9CA1-7D7714D1C83F}.AppStore|iPhone.Deploy.0 = Release|Any CPU
		{D58E5065-28B2-41B8-9CA1-7D7714D1C83F}.AppStore|iPhoneSimulator.ActiveCfg = Release|Any CPU
		{D58E5065-28B2-41B8-9CA1-7D7714D1C83F}.AppStore|iPhoneSimulator.Build.0 = Release|Any CPU
		{D58E5065-28B2-41B8-9CA1-7D7714D1C83F}.AppStore|iPhoneSimulator.Deploy.0 = Release|Any CPU
		{D58E5065-28B2-41B8-9CA1-7D7714D1C83F}.AppStore|x64.ActiveCfg = Release|Any CPU
		{D58E5065-28B2-41B8-9CA1-7D7714D1C83F}.AppStore|x64.Build.0 = Release|Any CPU
		{D58E5065-28B2-41B8-9CA1-7D7714D1C83F}.AppStore|x64.Deploy.0 = Release|Any CPU
		{D58E5065-28B2-41B8-9CA1-7D7714D1C83F}.AppStore|x86.ActiveCfg = Release|Any CPU
		{D58E5065-28B2-41B8-9CA1-7D7714D1C83F}.AppStore|x86.Build.0 = Release|Any CPU
		{D58E5065-28B2-41B8-9CA1-7D7714D1C83F}.AppStore|x86.Deploy.0 = Release|Any CPU
		{D58E5065-28B2-41B8-9CA1-7D7714D1C83F}.Debug|Any CPU.ActiveCfg = Debug|Any CPU
		{D58E5065-28B2-41B8-9CA1-7D7714D1C83F}.Debug|Any CPU.Build.0 = Debug|Any CPU
		{D58E5065-28B2-41B8-9CA1-7D7714D1C83F}.Debug|Any CPU.Deploy.0 = Debug|Any CPU
		{D58E5065-28B2-41B8-9CA1-7D7714D1C83F}.Debug|ARM.ActiveCfg = Debug|Any CPU
		{D58E5065-28B2-41B8-9CA1-7D7714D1C83F}.Debug|ARM.Build.0 = Debug|Any CPU
		{D58E5065-28B2-41B8-9CA1-7D7714D1C83F}.Debug|ARM.Deploy.0 = Debug|Any CPU
		{D58E5065-28B2-41B8-9CA1-7D7714D1C83F}.Debug|iPhone.ActiveCfg = Debug|Any CPU
		{D58E5065-28B2-41B8-9CA1-7D7714D1C83F}.Debug|iPhone.Build.0 = Debug|Any CPU
		{D58E5065-28B2-41B8-9CA1-7D7714D1C83F}.Debug|iPhone.Deploy.0 = Debug|Any CPU
		{D58E5065-28B2-41B8-9CA1-7D7714D1C83F}.Debug|iPhoneSimulator.ActiveCfg = Debug|Any CPU
		{D58E5065-28B2-41B8-9CA1-7D7714D1C83F}.Debug|iPhoneSimulator.Build.0 = Debug|Any CPU
		{D58E5065-28B2-41B8-9CA1-7D7714D1C83F}.Debug|iPhoneSimulator.Deploy.0 = Debug|Any CPU
		{D58E5065-28B2-41B8-9CA1-7D7714D1C83F}.Debug|x64.ActiveCfg = Debug|Any CPU
		{D58E5065-28B2-41B8-9CA1-7D7714D1C83F}.Debug|x64.Build.0 = Debug|Any CPU
		{D58E5065-28B2-41B8-9CA1-7D7714D1C83F}.Debug|x64.Deploy.0 = Debug|Any CPU
		{D58E5065-28B2-41B8-9CA1-7D7714D1C83F}.Debug|x86.ActiveCfg = Debug|Any CPU
		{D58E5065-28B2-41B8-9CA1-7D7714D1C83F}.Debug|x86.Build.0 = Debug|Any CPU
		{D58E5065-28B2-41B8-9CA1-7D7714D1C83F}.Debug|x86.Deploy.0 = Debug|Any CPU
		{D58E5065-28B2-41B8-9CA1-7D7714D1C83F}.Release|Any CPU.ActiveCfg = Release|Any CPU
		{D58E5065-28B2-41B8-9CA1-7D7714D1C83F}.Release|Any CPU.Build.0 = Release|Any CPU
		{D58E5065-28B2-41B8-9CA1-7D7714D1C83F}.Release|Any CPU.Deploy.0 = Release|Any CPU
		{D58E5065-28B2-41B8-9CA1-7D7714D1C83F}.Release|ARM.ActiveCfg = Release|Any CPU
		{D58E5065-28B2-41B8-9CA1-7D7714D1C83F}.Release|ARM.Build.0 = Release|Any CPU
		{D58E5065-28B2-41B8-9CA1-7D7714D1C83F}.Release|ARM.Deploy.0 = Release|Any CPU
		{D58E5065-28B2-41B8-9CA1-7D7714D1C83F}.Release|iPhone.ActiveCfg = Release|Any CPU
		{D58E5065-28B2-41B8-9CA1-7D7714D1C83F}.Release|iPhone.Build.0 = Release|Any CPU
		{D58E5065-28B2-41B8-9CA1-7D7714D1C83F}.Release|iPhone.Deploy.0 = Release|Any CPU
		{D58E5065-28B2-41B8-9CA1-7D7714D1C83F}.Release|iPhoneSimulator.ActiveCfg = Release|Any CPU
		{D58E5065-28B2-41B8-9CA1-7D7714D1C83F}.Release|iPhoneSimulator.Build.0 = Release|Any CPU
		{D58E5065-28B2-41B8-9CA1-7D7714D1C83F}.Release|iPhoneSimulator.Deploy.0 = Release|Any CPU
		{D58E5065-28B2-41B8-9CA1-7D7714D1C83F}.Release|x64.ActiveCfg = Release|Any CPU
		{D58E5065-28B2-41B8-9CA1-7D7714D1C83F}.Release|x64.Build.0 = Release|Any CPU
		{D58E5065-28B2-41B8-9CA1-7D7714D1C83F}.Release|x64.Deploy.0 = Release|Any CPU
		{D58E5065-28B2-41B8-9CA1-7D7714D1C83F}.Release|x86.ActiveCfg = Release|Any CPU
		{D58E5065-28B2-41B8-9CA1-7D7714D1C83F}.Release|x86.Build.0 = Release|Any CPU
		{D58E5065-28B2-41B8-9CA1-7D7714D1C83F}.Release|x86.Deploy.0 = Release|Any CPU
		{F57452CB-43F3-40C8-810C-B4DCD1C4A988}.Ad-Hoc|Any CPU.ActiveCfg = Release|Any CPU
		{F57452CB-43F3-40C8-810C-B4DCD1C4A988}.Ad-Hoc|Any CPU.Build.0 = Release|Any CPU
		{F57452CB-43F3-40C8-810C-B4DCD1C4A988}.Ad-Hoc|ARM.ActiveCfg = Release|Any CPU
		{F57452CB-43F3-40C8-810C-B4DCD1C4A988}.Ad-Hoc|ARM.Build.0 = Release|Any CPU
		{F57452CB-43F3-40C8-810C-B4DCD1C4A988}.Ad-Hoc|iPhone.ActiveCfg = Release|Any CPU
		{F57452CB-43F3-40C8-810C-B4DCD1C4A988}.Ad-Hoc|iPhone.Build.0 = Release|Any CPU
		{F57452CB-43F3-40C8-810C-B4DCD1C4A988}.Ad-Hoc|iPhoneSimulator.ActiveCfg = Release|Any CPU
		{F57452CB-43F3-40C8-810C-B4DCD1C4A988}.Ad-Hoc|iPhoneSimulator.Build.0 = Release|Any CPU
		{F57452CB-43F3-40C8-810C-B4DCD1C4A988}.Ad-Hoc|x64.ActiveCfg = Release|Any CPU
		{F57452CB-43F3-40C8-810C-B4DCD1C4A988}.Ad-Hoc|x64.Build.0 = Release|Any CPU
		{F57452CB-43F3-40C8-810C-B4DCD1C4A988}.Ad-Hoc|x86.ActiveCfg = Release|Any CPU
		{F57452CB-43F3-40C8-810C-B4DCD1C4A988}.Ad-Hoc|x86.Build.0 = Release|Any CPU
		{F57452CB-43F3-40C8-810C-B4DCD1C4A988}.AppStore|Any CPU.ActiveCfg = Release|Any CPU
		{F57452CB-43F3-40C8-810C-B4DCD1C4A988}.AppStore|Any CPU.Build.0 = Release|Any CPU
		{F57452CB-43F3-40C8-810C-B4DCD1C4A988}.AppStore|ARM.ActiveCfg = Release|Any CPU
		{F57452CB-43F3-40C8-810C-B4DCD1C4A988}.AppStore|ARM.Build.0 = Release|Any CPU
		{F57452CB-43F3-40C8-810C-B4DCD1C4A988}.AppStore|iPhone.ActiveCfg = Release|Any CPU
		{F57452CB-43F3-40C8-810C-B4DCD1C4A988}.AppStore|iPhone.Build.0 = Release|Any CPU
		{F57452CB-43F3-40C8-810C-B4DCD1C4A988}.AppStore|iPhoneSimulator.ActiveCfg = Release|Any CPU
		{F57452CB-43F3-40C8-810C-B4DCD1C4A988}.AppStore|iPhoneSimulator.Build.0 = Release|Any CPU
		{F57452CB-43F3-40C8-810C-B4DCD1C4A988}.AppStore|x64.ActiveCfg = Release|Any CPU
		{F57452CB-43F3-40C8-810C-B4DCD1C4A988}.AppStore|x64.Build.0 = Release|Any CPU
		{F57452CB-43F3-40C8-810C-B4DCD1C4A988}.AppStore|x86.ActiveCfg = Release|Any CPU
		{F57452CB-43F3-40C8-810C-B4DCD1C4A988}.AppStore|x86.Build.0 = Release|Any CPU
		{F57452CB-43F3-40C8-810C-B4DCD1C4A988}.Debug|Any CPU.ActiveCfg = Debug|Any CPU
		{F57452CB-43F3-40C8-810C-B4DCD1C4A988}.Debug|Any CPU.Build.0 = Debug|Any CPU
		{F57452CB-43F3-40C8-810C-B4DCD1C4A988}.Debug|ARM.ActiveCfg = Debug|Any CPU
		{F57452CB-43F3-40C8-810C-B4DCD1C4A988}.Debug|ARM.Build.0 = Debug|Any CPU
		{F57452CB-43F3-40C8-810C-B4DCD1C4A988}.Debug|iPhone.ActiveCfg = Debug|Any CPU
		{F57452CB-43F3-40C8-810C-B4DCD1C4A988}.Debug|iPhone.Build.0 = Debug|Any CPU
		{F57452CB-43F3-40C8-810C-B4DCD1C4A988}.Debug|iPhoneSimulator.ActiveCfg = Debug|Any CPU
		{F57452CB-43F3-40C8-810C-B4DCD1C4A988}.Debug|iPhoneSimulator.Build.0 = Debug|Any CPU
		{F57452CB-43F3-40C8-810C-B4DCD1C4A988}.Debug|x64.ActiveCfg = Debug|Any CPU
		{F57452CB-43F3-40C8-810C-B4DCD1C4A988}.Debug|x64.Build.0 = Debug|Any CPU
		{F57452CB-43F3-40C8-810C-B4DCD1C4A988}.Debug|x86.ActiveCfg = Debug|Any CPU
		{F57452CB-43F3-40C8-810C-B4DCD1C4A988}.Debug|x86.Build.0 = Debug|Any CPU
		{F57452CB-43F3-40C8-810C-B4DCD1C4A988}.Release|Any CPU.ActiveCfg = Release|Any CPU
		{F57452CB-43F3-40C8-810C-B4DCD1C4A988}.Release|Any CPU.Build.0 = Release|Any CPU
		{F57452CB-43F3-40C8-810C-B4DCD1C4A988}.Release|ARM.ActiveCfg = Release|Any CPU
		{F57452CB-43F3-40C8-810C-B4DCD1C4A988}.Release|ARM.Build.0 = Release|Any CPU
		{F57452CB-43F3-40C8-810C-B4DCD1C4A988}.Release|iPhone.ActiveCfg = Release|Any CPU
		{F57452CB-43F3-40C8-810C-B4DCD1C4A988}.Release|iPhone.Build.0 = Release|Any CPU
		{F57452CB-43F3-40C8-810C-B4DCD1C4A988}.Release|iPhoneSimulator.ActiveCfg = Release|Any CPU
		{F57452CB-43F3-40C8-810C-B4DCD1C4A988}.Release|iPhoneSimulator.Build.0 = Release|Any CPU
		{F57452CB-43F3-40C8-810C-B4DCD1C4A988}.Release|x64.ActiveCfg = Release|Any CPU
		{F57452CB-43F3-40C8-810C-B4DCD1C4A988}.Release|x64.Build.0 = Release|Any CPU
		{F57452CB-43F3-40C8-810C-B4DCD1C4A988}.Release|x86.ActiveCfg = Release|Any CPU
		{F57452CB-43F3-40C8-810C-B4DCD1C4A988}.Release|x86.Build.0 = Release|Any CPU
		{AF809965-B0A2-4F1D-A2EB-CA08F59D5E80}.Ad-Hoc|Any CPU.ActiveCfg = Release|x86
		{AF809965-B0A2-4F1D-A2EB-CA08F59D5E80}.Ad-Hoc|Any CPU.Build.0 = Release|x86
		{AF809965-B0A2-4F1D-A2EB-CA08F59D5E80}.Ad-Hoc|Any CPU.Deploy.0 = Release|x86
		{AF809965-B0A2-4F1D-A2EB-CA08F59D5E80}.Ad-Hoc|ARM.ActiveCfg = Release|ARM
		{AF809965-B0A2-4F1D-A2EB-CA08F59D5E80}.Ad-Hoc|ARM.Build.0 = Release|ARM
		{AF809965-B0A2-4F1D-A2EB-CA08F59D5E80}.Ad-Hoc|ARM.Deploy.0 = Release|ARM
		{AF809965-B0A2-4F1D-A2EB-CA08F59D5E80}.Ad-Hoc|iPhone.ActiveCfg = Release|x86
		{AF809965-B0A2-4F1D-A2EB-CA08F59D5E80}.Ad-Hoc|iPhone.Build.0 = Release|x86
		{AF809965-B0A2-4F1D-A2EB-CA08F59D5E80}.Ad-Hoc|iPhone.Deploy.0 = Release|x86
		{AF809965-B0A2-4F1D-A2EB-CA08F59D5E80}.Ad-Hoc|iPhoneSimulator.ActiveCfg = Release|x86
		{AF809965-B0A2-4F1D-A2EB-CA08F59D5E80}.Ad-Hoc|iPhoneSimulator.Build.0 = Release|x86
		{AF809965-B0A2-4F1D-A2EB-CA08F59D5E80}.Ad-Hoc|iPhoneSimulator.Deploy.0 = Release|x86
		{AF809965-B0A2-4F1D-A2EB-CA08F59D5E80}.Ad-Hoc|x64.ActiveCfg = Release|x64
		{AF809965-B0A2-4F1D-A2EB-CA08F59D5E80}.Ad-Hoc|x64.Build.0 = Release|x64
		{AF809965-B0A2-4F1D-A2EB-CA08F59D5E80}.Ad-Hoc|x64.Deploy.0 = Release|x64
		{AF809965-B0A2-4F1D-A2EB-CA08F59D5E80}.Ad-Hoc|x86.ActiveCfg = Release|x86
		{AF809965-B0A2-4F1D-A2EB-CA08F59D5E80}.Ad-Hoc|x86.Build.0 = Release|x86
		{AF809965-B0A2-4F1D-A2EB-CA08F59D5E80}.Ad-Hoc|x86.Deploy.0 = Release|x86
		{AF809965-B0A2-4F1D-A2EB-CA08F59D5E80}.AppStore|Any CPU.ActiveCfg = Release|x86
		{AF809965-B0A2-4F1D-A2EB-CA08F59D5E80}.AppStore|Any CPU.Build.0 = Release|x86
		{AF809965-B0A2-4F1D-A2EB-CA08F59D5E80}.AppStore|Any CPU.Deploy.0 = Release|x86
		{AF809965-B0A2-4F1D-A2EB-CA08F59D5E80}.AppStore|ARM.ActiveCfg = Release|ARM
		{AF809965-B0A2-4F1D-A2EB-CA08F59D5E80}.AppStore|ARM.Build.0 = Release|ARM
		{AF809965-B0A2-4F1D-A2EB-CA08F59D5E80}.AppStore|ARM.Deploy.0 = Release|ARM
		{AF809965-B0A2-4F1D-A2EB-CA08F59D5E80}.AppStore|iPhone.ActiveCfg = Release|x86
		{AF809965-B0A2-4F1D-A2EB-CA08F59D5E80}.AppStore|iPhone.Build.0 = Release|x86
		{AF809965-B0A2-4F1D-A2EB-CA08F59D5E80}.AppStore|iPhone.Deploy.0 = Release|x86
		{AF809965-B0A2-4F1D-A2EB-CA08F59D5E80}.AppStore|iPhoneSimulator.ActiveCfg = Release|x86
		{AF809965-B0A2-4F1D-A2EB-CA08F59D5E80}.AppStore|iPhoneSimulator.Build.0 = Release|x86
		{AF809965-B0A2-4F1D-A2EB-CA08F59D5E80}.AppStore|iPhoneSimulator.Deploy.0 = Release|x86
		{AF809965-B0A2-4F1D-A2EB-CA08F59D5E80}.AppStore|x64.ActiveCfg = Release|x64
		{AF809965-B0A2-4F1D-A2EB-CA08F59D5E80}.AppStore|x64.Build.0 = Release|x64
		{AF809965-B0A2-4F1D-A2EB-CA08F59D5E80}.AppStore|x64.Deploy.0 = Release|x64
		{AF809965-B0A2-4F1D-A2EB-CA08F59D5E80}.AppStore|x86.ActiveCfg = Release|x86
		{AF809965-B0A2-4F1D-A2EB-CA08F59D5E80}.AppStore|x86.Build.0 = Release|x86
		{AF809965-B0A2-4F1D-A2EB-CA08F59D5E80}.AppStore|x86.Deploy.0 = Release|x86
		{AF809965-B0A2-4F1D-A2EB-CA08F59D5E80}.Debug|Any CPU.ActiveCfg = Debug|x86
		{AF809965-B0A2-4F1D-A2EB-CA08F59D5E80}.Debug|ARM.ActiveCfg = Debug|ARM
		{AF809965-B0A2-4F1D-A2EB-CA08F59D5E80}.Debug|ARM.Build.0 = Debug|ARM
		{AF809965-B0A2-4F1D-A2EB-CA08F59D5E80}.Debug|ARM.Deploy.0 = Debug|ARM
		{AF809965-B0A2-4F1D-A2EB-CA08F59D5E80}.Debug|iPhone.ActiveCfg = Debug|x86
		{AF809965-B0A2-4F1D-A2EB-CA08F59D5E80}.Debug|iPhoneSimulator.ActiveCfg = Debug|x86
		{AF809965-B0A2-4F1D-A2EB-CA08F59D5E80}.Debug|x64.ActiveCfg = Debug|x64
		{AF809965-B0A2-4F1D-A2EB-CA08F59D5E80}.Debug|x64.Build.0 = Debug|x64
		{AF809965-B0A2-4F1D-A2EB-CA08F59D5E80}.Debug|x64.Deploy.0 = Debug|x64
		{AF809965-B0A2-4F1D-A2EB-CA08F59D5E80}.Debug|x86.ActiveCfg = Debug|x86
		{AF809965-B0A2-4F1D-A2EB-CA08F59D5E80}.Debug|x86.Build.0 = Debug|x86
		{AF809965-B0A2-4F1D-A2EB-CA08F59D5E80}.Debug|x86.Deploy.0 = Debug|x86
		{AF809965-B0A2-4F1D-A2EB-CA08F59D5E80}.Release|Any CPU.ActiveCfg = Release|x86
		{AF809965-B0A2-4F1D-A2EB-CA08F59D5E80}.Release|ARM.ActiveCfg = Release|ARM
		{AF809965-B0A2-4F1D-A2EB-CA08F59D5E80}.Release|ARM.Build.0 = Release|ARM
		{AF809965-B0A2-4F1D-A2EB-CA08F59D5E80}.Release|ARM.Deploy.0 = Release|ARM
		{AF809965-B0A2-4F1D-A2EB-CA08F59D5E80}.Release|iPhone.ActiveCfg = Release|x86
		{AF809965-B0A2-4F1D-A2EB-CA08F59D5E80}.Release|iPhoneSimulator.ActiveCfg = Release|x86
		{AF809965-B0A2-4F1D-A2EB-CA08F59D5E80}.Release|x64.ActiveCfg = Release|x64
		{AF809965-B0A2-4F1D-A2EB-CA08F59D5E80}.Release|x64.Build.0 = Release|x64
		{AF809965-B0A2-4F1D-A2EB-CA08F59D5E80}.Release|x64.Deploy.0 = Release|x64
		{AF809965-B0A2-4F1D-A2EB-CA08F59D5E80}.Release|x86.ActiveCfg = Release|x86
		{AF809965-B0A2-4F1D-A2EB-CA08F59D5E80}.Release|x86.Build.0 = Release|x86
		{AF809965-B0A2-4F1D-A2EB-CA08F59D5E80}.Release|x86.Deploy.0 = Release|x86
		{E7958748-760E-4C90-9DAC-66D7CC5ACD76}.Ad-Hoc|Any CPU.ActiveCfg = Ad-Hoc|iPhone
		{E7958748-760E-4C90-9DAC-66D7CC5ACD76}.Ad-Hoc|ARM.ActiveCfg = Ad-Hoc|iPhone
		{E7958748-760E-4C90-9DAC-66D7CC5ACD76}.Ad-Hoc|iPhone.ActiveCfg = Ad-Hoc|iPhone
		{E7958748-760E-4C90-9DAC-66D7CC5ACD76}.Ad-Hoc|iPhone.Build.0 = Ad-Hoc|iPhone
		{E7958748-760E-4C90-9DAC-66D7CC5ACD76}.Ad-Hoc|iPhoneSimulator.ActiveCfg = Ad-Hoc|iPhoneSimulator
		{E7958748-760E-4C90-9DAC-66D7CC5ACD76}.Ad-Hoc|iPhoneSimulator.Build.0 = Ad-Hoc|iPhoneSimulator
		{E7958748-760E-4C90-9DAC-66D7CC5ACD76}.Ad-Hoc|x64.ActiveCfg = Ad-Hoc|iPhone
		{E7958748-760E-4C90-9DAC-66D7CC5ACD76}.Ad-Hoc|x86.ActiveCfg = Ad-Hoc|iPhone
		{E7958748-760E-4C90-9DAC-66D7CC5ACD76}.AppStore|Any CPU.ActiveCfg = AppStore|iPhone
		{E7958748-760E-4C90-9DAC-66D7CC5ACD76}.AppStore|ARM.ActiveCfg = AppStore|iPhone
		{E7958748-760E-4C90-9DAC-66D7CC5ACD76}.AppStore|iPhone.ActiveCfg = AppStore|iPhone
		{E7958748-760E-4C90-9DAC-66D7CC5ACD76}.AppStore|iPhone.Build.0 = AppStore|iPhone
		{E7958748-760E-4C90-9DAC-66D7CC5ACD76}.AppStore|iPhoneSimulator.ActiveCfg = AppStore|iPhoneSimulator
		{E7958748-760E-4C90-9DAC-66D7CC5ACD76}.AppStore|iPhoneSimulator.Build.0 = AppStore|iPhoneSimulator
		{E7958748-760E-4C90-9DAC-66D7CC5ACD76}.AppStore|x64.ActiveCfg = AppStore|iPhone
		{E7958748-760E-4C90-9DAC-66D7CC5ACD76}.AppStore|x86.ActiveCfg = AppStore|iPhone
		{E7958748-760E-4C90-9DAC-66D7CC5ACD76}.Debug|Any CPU.ActiveCfg = Debug|iPhone
		{E7958748-760E-4C90-9DAC-66D7CC5ACD76}.Debug|ARM.ActiveCfg = Debug|iPhone
		{E7958748-760E-4C90-9DAC-66D7CC5ACD76}.Debug|iPhone.ActiveCfg = Debug|iPhone
		{E7958748-760E-4C90-9DAC-66D7CC5ACD76}.Debug|iPhone.Build.0 = Debug|iPhone
		{E7958748-760E-4C90-9DAC-66D7CC5ACD76}.Debug|iPhoneSimulator.ActiveCfg = Debug|iPhoneSimulator
		{E7958748-760E-4C90-9DAC-66D7CC5ACD76}.Debug|iPhoneSimulator.Build.0 = Debug|iPhoneSimulator
		{E7958748-760E-4C90-9DAC-66D7CC5ACD76}.Debug|x64.ActiveCfg = Debug|iPhone
		{E7958748-760E-4C90-9DAC-66D7CC5ACD76}.Debug|x86.ActiveCfg = Debug|iPhone
		{E7958748-760E-4C90-9DAC-66D7CC5ACD76}.Release|Any CPU.ActiveCfg = Release|iPhone
		{E7958748-760E-4C90-9DAC-66D7CC5ACD76}.Release|ARM.ActiveCfg = Release|iPhone
		{E7958748-760E-4C90-9DAC-66D7CC5ACD76}.Release|iPhone.ActiveCfg = Release|iPhone
		{E7958748-760E-4C90-9DAC-66D7CC5ACD76}.Release|iPhone.Build.0 = Release|iPhone
		{E7958748-760E-4C90-9DAC-66D7CC5ACD76}.Release|iPhoneSimulator.ActiveCfg = Release|iPhoneSimulator
		{E7958748-760E-4C90-9DAC-66D7CC5ACD76}.Release|iPhoneSimulator.Build.0 = Release|iPhoneSimulator
		{E7958748-760E-4C90-9DAC-66D7CC5ACD76}.Release|x64.ActiveCfg = Release|iPhone
		{E7958748-760E-4C90-9DAC-66D7CC5ACD76}.Release|x86.ActiveCfg = Release|iPhone
		{9247E902-172F-4DB3-BD43-D556FB8AA31B}.Debug|Any CPU.ActiveCfg = Debug|Any CPU
		{9247E902-172F-4DB3-BD43-D556FB8AA31B}.Debug|Any CPU.Build.0 = Debug|Any CPU
		{9247E902-172F-4DB3-BD43-D556FB8AA31B}.Debug|ARM.ActiveCfg = Debug|Any CPU
		{9247E902-172F-4DB3-BD43-D556FB8AA31B}.Debug|ARM.Build.0 = Debug|Any CPU
		{9247E902-172F-4DB3-BD43-D556FB8AA31B}.Debug|x64.ActiveCfg = Debug|Any CPU
		{9247E902-172F-4DB3-BD43-D556FB8AA31B}.Debug|x64.Build.0 = Debug|Any CPU
		{9247E902-172F-4DB3-BD43-D556FB8AA31B}.Debug|x86.ActiveCfg = Debug|Any CPU
		{9247E902-172F-4DB3-BD43-D556FB8AA31B}.Debug|x86.Build.0 = Debug|Any CPU
		{9247E902-172F-4DB3-BD43-D556FB8AA31B}.Release|Any CPU.ActiveCfg = Release|Any CPU
		{9247E902-172F-4DB3-BD43-D556FB8AA31B}.Release|Any CPU.Build.0 = Release|Any CPU
		{9247E902-172F-4DB3-BD43-D556FB8AA31B}.Release|ARM.ActiveCfg = Release|Any CPU
		{9247E902-172F-4DB3-BD43-D556FB8AA31B}.Release|ARM.Build.0 = Release|Any CPU
		{9247E902-172F-4DB3-BD43-D556FB8AA31B}.Release|x64.ActiveCfg = Release|Any CPU
		{9247E902-172F-4DB3-BD43-D556FB8AA31B}.Release|x64.Build.0 = Release|Any CPU
		{9247E902-172F-4DB3-BD43-D556FB8AA31B}.Release|x86.ActiveCfg = Release|Any CPU
		{9247E902-172F-4DB3-BD43-D556FB8AA31B}.Release|x86.Build.0 = Release|Any CPU
	EndGlobalSection
	GlobalSection(SolutionProperties) = preSolution
		HideSolutionNode = FALSE
	EndGlobalSection
	GlobalSection(NestedProjects) = preSolution
		{D58E5065-28B2-41B8-9CA1-7D7714D1C83F} = {BC1BD4FD-657E-44AF-9CDD-5E5103C67DC4}
		{F57452CB-43F3-40C8-810C-B4DCD1C4A988} = {BC1BD4FD-657E-44AF-9CDD-5E5103C67DC4}
		{AF809965-B0A2-4F1D-A2EB-CA08F59D5E80} = {BC1BD4FD-657E-44AF-9CDD-5E5103C67DC4}
		{E7958748-760E-4C90-9DAC-66D7CC5ACD76} = {BC1BD4FD-657E-44AF-9CDD-5E5103C67DC4}
	EndGlobalSection
EndGlobal
